
Microsoft Visual Studio Solution File, Format Version 12.00
# Visual Studio Version 17
VisualStudioVersion = 17.5.002.0
MinimumVisualStudioVersion = 10.0.40219.1
Project("{9A19103F-16F7-4668-BE54-9A1E7A4F7556}") = "BackendApi", "BackendApi.csproj", "{AE15FAC8-FF64-4CF5-AB99-435A8ADB232D}"
EndProject
Global
	GlobalSection(SolutionConfigurationPlatforms) = preSolution
		Debug|Any CPU = Debug|Any CPU
		Release|Any CPU = Release|Any CPU
	EndGlobalSection
	GlobalSection(ProjectConfigurationPlatforms) = postSolution
		{AE15FAC8-FF64-4CF5-AB99-435A8ADB232D}.Debug|Any CPU.ActiveCfg = Debug|Any CPU
		{AE15FAC8-FF64-4CF5-AB99-435A8ADB232D}.Debug|Any CPU.Build.0 = Debug|Any CPU
		{AE15FAC8-FF64-4CF5-AB99-435A8ADB232D}.Release|Any CPU.ActiveCfg = Release|Any CPU
		{AE15FAC8-FF64-4CF5-AB99-435A8ADB232D}.Release|Any CPU.Build.0 = Release|Any CPU
	EndGlobalSection
	GlobalSection(SolutionProperties) = preSolution
		HideSolutionNode = FALSE
	EndGlobalSection
	GlobalSection(ExtensibilityGlobals) = postSolution
		SolutionGuid = {FBA71BAC-2CCF-43DA-84B7-4C326D0939D0}
	EndGlobalSection
EndGlobal
